[[package]]
category = "main"
description = "treys is a pure Python poker hand evaluation library"
name = "treys"
optional = false
python-versions = "*"
version = "0.1"

[metadata]
content-hash = "4385c686f5815681ce614a0478a35a1ef590ac0b9940b7438de5ef60a5814957"
python-versions = "^3.6"

[metadata.hashes]
treys = ["e193c2a2daf37a56be44bc36aec5b44018765f8d4b5d8221f551007aed66452d"]
